// !$*UTF8*$!
{
	archiveVersion = 1;
	classes = {
	};
	objectVersion = 77;
	objects = {

/* Begin PBXBuildFile section */
		12294324067D0D7E23401B4E /* ContentView.swift in Sources */ = {isa = PBXBuildFile; fileRef = 569E98B73B0DF90A12610F3F /* ContentView.swift */; };
		2C0EDA0905D6AB1957F71B81 /* ChemLabLocalApp.swift in Sources */ = {isa = PBXBuildFile; fileRef = 266202DABBB07B44C63F1DA6 /* ChemLabLocalApp.swift */; };
		33B6674218FCD7B46EB99C96 /* HWPXExporter.swift in Sources */ = {isa = PBXBuildFile; fileRef = 07D59EE0A35551A2660554E7 /* HWPXExporter.swift */; };
		369B35234DA8FF52F3A38D0E /* ReportModels.swift in Sources */ = {isa = PBXBuildFile; fileRef = 13B1E9198FBAAB663189839E /* ReportModels.swift */; };
		5CF82F4E533C4C3437F7EDAB /* TextUtilities.swift in Sources */ = {isa = PBXBuildFile; fileRef = 4B0E1FEC6D3C5295111E7807 /* TextUtilities.swift */; };
		8C23BB3DD38F80D18459AF64 /* LocalFileExtractor.swift in Sources */ = {isa = PBXBuildFile; fileRef = AA6946D0DD70650AC8C01AFB /* LocalFileExtractor.swift */; };
		8DD2D40460A6FEFF70C4E46F /* KeychainStore.swift in Sources */ = {isa = PBXBuildFile; fileRef = 2A7894040D2A8B8103D96B45 /* KeychainStore.swift */; };
		8F3C1A2427BED37DE383021C /* GenerateView.swift in Sources */ = {isa = PBXBuildFile; fileRef = E31956575FC62A020BFBB1EA /* GenerateView.swift */; };
		92AE08BEE8B7A0D67146A4AC /* SettingsView.swift in Sources */ = {isa = PBXBuildFile; fileRef = 41BDF5D92E77711A1D1A295C /* SettingsView.swift */; };
		C10B16C2E885C0024A1295CA /* AppModel.swift in Sources */ = {isa = PBXBuildFile; fileRef = 18815C6CFEF313A622A53EBB /* AppModel.swift */; };
		C5F4AD89A65B4F2A57BCD9FB /* result-report-template.hwpx in Resources */ = {isa = PBXBuildFile; fileRef = 73DF0B4345B2AC58F1336599 /* result-report-template.hwpx */; };
		C85FC7BE7BFA15119659FD51 /* Assets.xcassets in Resources */ = {isa = PBXBuildFile; fileRef = 8BF9DBEB7DBF982F831EBB0A /* Assets.xcassets */; };
		D418B241D2EB13CECF04E457 /* AnthropicClient.swift in Sources */ = {isa = PBXBuildFile; fileRef = 0E580DAF3FC401837D9E0614 /* AnthropicClient.swift */; };
		E2F956BCD8BF0E939D9F890D /* PromptBuilder.swift in Sources */ = {isa = PBXBuildFile; fileRef = 725F8DA37669CC1B4F2A328D /* PromptBuilder.swift */; };
		ECFE4C504D0ED6D6FA513E95 /* ZIPFoundation in Frameworks */ = {isa = PBXBuildFile; productRef = 55C691E4E0C58A481039A33B /* ZIPFoundation */; };
		FFF319446906B65F276C4FCC /* DOCXExporter.swift in Sources */ = {isa = PBXBuildFile; fileRef = 80B47D926FEC5D8D872E6498 /* DOCXExporter.swift */; };
/* End PBXBuildFile section */

/* Begin PBXFileReference section */
		07D59EE0A35551A2660554E7 /* HWPXExporter.swift */ = {isa = PBXFileReference; lastKnownFileType = sourcecode.swift; path = HWPXExporter.swift; sourceTree = "<group>"; };
		0E580DAF3FC401837D9E0614 /* AnthropicClient.swift */ = {isa = PBXFileReference; lastKnownFileType = sourcecode.swift; path = AnthropicClient.swift; sourceTree = "<group>"; };
		13B1E9198FBAAB663189839E /* ReportModels.swift */ = {isa = PBXFileReference; lastKnownFileType = sourcecode.swift; path = ReportModels.swift; sourceTree = "<group>"; };
		18815C6CFEF313A622A53EBB /* AppModel.swift */ = {isa = PBXFileReference; lastKnownFileType = sourcecode.swift; path = AppModel.swift; sourceTree = "<group>"; };
		266202DABBB07B44C63F1DA6 /* ChemLabLocalApp.swift */ = {isa = PBXFileReference; lastKnownFileType = sourcecode.swift; path = ChemLabLocalApp.swift; sourceTree = "<group>"; };
		2A7894040D2A8B8103D96B45 /* KeychainStore.swift */ = {isa = PBXFileReference; lastKnownFileType = sourcecode.swift; path = KeychainStore.swift; sourceTree = "<group>"; };
		41BDF5D92E77711A1D1A295C /* SettingsView.swift */ = {isa = PBXFileReference; lastKnownFileType = sourcecode.swift; path = SettingsView.swift; sourceTree = "<group>"; };
		4B0E1FEC6D3C5295111E7807 /* TextUtilities.swift */ = {isa = PBXFileReference; lastKnownFileType = sourcecode.swift; path = TextUtilities.swift; sourceTree = "<group>"; };
		569E98B73B0DF90A12610F3F /* ContentView.swift */ = {isa = PBXFileReference; lastKnownFileType = sourcecode.swift; path = ContentView.swift; sourceTree = "<group>"; };
		595968E8605C271600E5CC95 /* ChemLabLocal.app */ = {isa = PBXFileReference; includeInIndex = 0; lastKnownFileType = wrapper.application; path = ChemLabLocal.app; sourceTree = BUILT_PRODUCTS_DIR; };
		725F8DA37669CC1B4F2A328D /* PromptBuilder.swift */ = {isa = PBXFileReference; lastKnownFileType = sourcecode.swift; path = PromptBuilder.swift; sourceTree = "<group>"; };
		73DF0B4345B2AC58F1336599 /* result-report-template.hwpx */ = {isa = PBXFileReference; path = "result-report-template.hwpx"; sourceTree = "<group>"; };
		80B47D926FEC5D8D872E6498 /* DOCXExporter.swift */ = {isa = PBXFileReference; lastKnownFileType = sourcecode.swift; path = DOCXExporter.swift; sourceTree = "<group>"; };
		829769C56830421BBCE6B7EB /* Info.plist */ = {isa = PBXFileReference; lastKnownFileType = text.plist; path = Info.plist; sourceTree = "<group>"; };
		8BF9DBEB7DBF982F831EBB0A /* Assets.xcassets */ = {isa = PBXFileReference; lastKnownFileType = folder.assetcatalog; path = Assets.xcassets; sourceTree = "<group>"; };
		AA6946D0DD70650AC8C01AFB /* LocalFileExtractor.swift */ = {isa = PBXFileReference; lastKnownFileType = sourcecode.swift; path = LocalFileExtractor.swift; sourceTree = "<group>"; };
		E31956575FC62A020BFBB1EA /* GenerateView.swift */ = {isa = PBXFileReference; lastKnownFileType = sourcecode.swift; path = GenerateView.swift; sourceTree = "<group>"; };
/* End PBXFileReference section */

/* Begin PBXFrameworksBuildPhase section */
		8952BDA57E689E6932D5A238 /* Frameworks */ = {
			isa = PBXFrameworksBuildPhase;
			buildActionMask = 2147483647;
			files = (
				ECFE4C504D0ED6D6FA513E95 /* ZIPFoundation in Frameworks */,
			);
			runOnlyForDeploymentPostprocessing = 0;
		};
/* End PBXFrameworksBuildPhase section */

/* Begin PBXGroup section */
		0373763D20F1A4ACB283C369 /* App */ = {
			isa = PBXGroup;
			children = (
				266202DABBB07B44C63F1DA6 /* ChemLabLocalApp.swift */,
			);
			path = App;
			sourceTree = "<group>";
		};
		05ADABFDDC66EE2ECE76D6A5 /* Resources */ = {
			isa = PBXGroup;
			children = (
				73DF0B4345B2AC58F1336599 /* result-report-template.hwpx */,
			);
			path = Resources;
			sourceTree = "<group>";
		};
		4A3BA2A49EE63E547D92447D /* Models */ = {
			isa = PBXGroup;
			children = (
				13B1E9198FBAAB663189839E /* ReportModels.swift */,
			);
			path = Models;
			sourceTree = "<group>";
		};
		4DEF88379C306A0BFFB8A2F1 /* Products */ = {
			isa = PBXGroup;
			children = (
				595968E8605C271600E5CC95 /* ChemLabLocal.app */,
			);
			name = Products;
			sourceTree = "<group>";
		};
		875241E352B18AD1A2ECC1C0 /* Views */ = {
			isa = PBXGroup;
			children = (
				569E98B73B0DF90A12610F3F /* ContentView.swift */,
				E31956575FC62A020BFBB1EA /* GenerateView.swift */,
				41BDF5D92E77711A1D1A295C /* SettingsView.swift */,
			);
			path = Views;
			sourceTree = "<group>";
		};
		ABFB6D2748828C8759B05322 /* ChemLabLocal */ = {
			isa = PBXGroup;
			children = (
				8BF9DBEB7DBF982F831EBB0A /* Assets.xcassets */,
				829769C56830421BBCE6B7EB /* Info.plist */,
				0373763D20F1A4ACB283C369 /* App */,
				4A3BA2A49EE63E547D92447D /* Models */,
				05ADABFDDC66EE2ECE76D6A5 /* Resources */,
				E6BCAF422747270C8D18E529 /* Services */,
				875241E352B18AD1A2ECC1C0 /* Views */,
			);
			name = ChemLabLocal;
			path = Sources/ChemLabLocal;
			sourceTree = "<group>";
		};
		C62D605E1D73889A5651FA26 = {
			isa = PBXGroup;
			children = (
				ABFB6D2748828C8759B05322 /* ChemLabLocal */,
				4DEF88379C306A0BFFB8A2F1 /* Products */,
			);
			sourceTree = "<group>";
		};
		E6BCAF422747270C8D18E529 /* Services */ = {
			isa = PBXGroup;
			children = (
				0E580DAF3FC401837D9E0614 /* AnthropicClient.swift */,
				18815C6CFEF313A622A53EBB /* AppModel.swift */,
				80B47D926FEC5D8D872E6498 /* DOCXExporter.swift */,
				07D59EE0A35551A2660554E7 /* HWPXExporter.swift */,
				2A7894040D2A8B8103D96B45 /* KeychainStore.swift */,
				AA6946D0DD70650AC8C01AFB /* LocalFileExtractor.swift */,
				725F8DA37669CC1B4F2A328D /* PromptBuilder.swift */,
				4B0E1FEC6D3C5295111E7807 /* TextUtilities.swift */,
			);
			path = Services;
			sourceTree = "<group>";
		};
/* End PBXGroup section */

/* Begin PBXNativeTarget section */
		12E1C4310E82536EFBF1AFBF /* ChemLabLocal */ = {
			isa = PBXNativeTarget;
			buildConfigurationList = 32243A388819FAE5FA8568C7 /* Build configuration list for PBXNativeTarget "ChemLabLocal" */;
			buildPhases = (
				49731D3C1FA3D169FDD7BEA5 /* Sources */,
				31A46EC2F022C99FF484FE31 /* Resources */,
				8952BDA57E689E6932D5A238 /* Frameworks */,
			);
			buildRules = (
			);
			dependencies = (
			);
			name = ChemLabLocal;
			packageProductDependencies = (
				55C691E4E0C58A481039A33B /* ZIPFoundation */,
			);
			productName = ChemLabLocal;
			productReference = 595968E8605C271600E5CC95 /* ChemLabLocal.app */;
			productType = "com.apple.product-type.application";
		};
/* End PBXNativeTarget section */

/* Begin PBXProject section */
		C9AD593C6F4BBB8BC03D6A29 /* Project object */ = {
			isa = PBXProject;
			attributes = {
				BuildIndependentTargetsInParallel = YES;
				LastUpgradeCheck = 2600;
				TargetAttributes = {
					12E1C4310E82536EFBF1AFBF = {
						DevelopmentTeam = 2CLPABDXPV;
						ProvisioningStyle = Automatic;
					};
				};
			};
			buildConfigurationList = B681CE7BA5784D67FB39B46D /* Build configuration list for PBXProject "ChemLabLocal" */;
			developmentRegion = en;
			hasScannedForEncodings = 0;
			knownRegions = (
				Base,
				en,
			);
			mainGroup = C62D605E1D73889A5651FA26;
			minimizedProjectReferenceProxies = 1;
			packageReferences = (
				0B3317B81DF850ED3CA0663F /* XCRemoteSwiftPackageReference "ZIPFoundation" */,
			);
			preferredProjectObjectVersion = 77;
			productRefGroup = 4DEF88379C306A0BFFB8A2F1 /* Products */;
			projectDirPath = "";
			projectRoot = "";
			targets = (
				12E1C4310E82536EFBF1AFBF /* ChemLabLocal */,
			);
		};
/* End PBXProject section */

/* Begin PBXResourcesBuildPhase section */
		31A46EC2F022C99FF484FE31 /* Resources */ = {
			isa = PBXResourcesBuildPhase;
			buildActionMask = 2147483647;
			files = (
				C85FC7BE7BFA15119659FD51 /* Assets.xcassets in Resources */,
				C5F4AD89A65B4F2A57BCD9FB /* result-report-template.hwpx in Resources */,
			);
			runOnlyForDeploymentPostprocessing = 0;
		};
/* End PBXResourcesBuildPhase section */

/* Begin PBXSourcesBuildPhase section */
		49731D3C1FA3D169FDD7BEA5 /* Sources */ = {
			isa = PBXSourcesBuildPhase;
			buildActionMask = 2147483647;
			files = (
				D418B241D2EB13CECF04E457 /* AnthropicClient.swift in Sources */,
				C10B16C2E885C0024A1295CA /* AppModel.swift in Sources */,
				2C0EDA0905D6AB1957F71B81 /* ChemLabLocalApp.swift in Sources */,
				12294324067D0D7E23401B4E /* ContentView.swift in Sources */,
				FFF319446906B65F276C4FCC /* DOCXExporter.swift in Sources */,
				8F3C1A2427BED37DE383021C /* GenerateView.swift in Sources */,
				33B6674218FCD7B46EB99C96 /* HWPXExporter.swift in Sources */,
				8DD2D40460A6FEFF70C4E46F /* KeychainStore.swift in Sources */,
				8C23BB3DD38F80D18459AF64 /* LocalFileExtractor.swift in Sources */,
				E2F956BCD8BF0E939D9F890D /* PromptBuilder.swift in Sources */,
				369B35234DA8FF52F3A38D0E /* ReportModels.swift in Sources */,
				92AE08BEE8B7A0D67146A4AC /* SettingsView.swift in Sources */,
				5CF82F4E533C4C3437F7EDAB /* TextUtilities.swift in Sources */,
			);
			runOnlyForDeploymentPostprocessing = 0;
		};
/* End PBXSourcesBuildPhase section */

/* Begin XCBuildConfiguration section */
		24A70D9A5547E690F22E6272 /* Release */ = {
			isa = XCBuildConfiguration;
			buildSettings = {
				ASSETCATALOG_COMPILER_APPICON_NAME = AppIcon;
				CODE_SIGN_IDENTITY = "iPhone Developer";
				CODE_SIGN_STYLE = Automatic;
				DEVELOPMENT_TEAM = 2CLPABDXPV;
				ENABLE_USER_SCRIPT_SANDBOXING = NO;
				INFOPLIST_FILE = Sources/ChemLabLocal/Info.plist;
				LD_RUNPATH_SEARCH_PATHS = (
					"$(inherited)",
					"@executable_path/Frameworks",
				);
				PRODUCT_BUNDLE_IDENTIFIER = com.fakeminjun.ChemLabLocal;
				PRODUCT_NAME = ChemLabLocal;
				SDKROOT = iphoneos;
				SWIFT_VERSION = 6.0;
				TARGETED_DEVICE_FAMILY = "1,2";
			};
			name = Release;
		};
		3DB1F96EC31969A61EE6250A /* Release */ = {
			isa = XCBuildConfiguration;
			buildSettings = {
				ALWAYS_SEARCH_USER_PATHS = NO;
				CLANG_ANALYZER_NONNULL = YES;
				CLANG_ANALYZER_NUMBER_OBJECT_CONVERSION = YES_AGGRESSIVE;
				CLANG_CXX_LANGUAGE_STANDARD = "gnu++14";
				CLANG_CXX_LIBRARY = "libc++";
				CLANG_ENABLE_MODULES = YES;
				CLANG_ENABLE_OBJC_ARC = YES;
				CLANG_ENABLE_OBJC_WEAK = YES;
				CLANG_WARN_BLOCK_CAPTURE_AUTORELEASING = YES;
				CLANG_WARN_BOOL_CONVERSION = YES;
				CLANG_WARN_COMMA = YES;
				CLANG_WARN_CONSTANT_CONVERSION = YES;
				CLANG_WARN_DEPRECATED_OBJC_IMPLEMENTATIONS = YES;
				CLANG_WARN_DIRECT_OBJC_ISA_USAGE = YES_ERROR;
				CLANG_WARN_DOCUMENTATION_COMMENTS = YES;
				CLANG_WARN_EMPTY_BODY = YES;
				CLANG_WARN_ENUM_CONVERSION = YES;
				CLANG_WARN_INFINITE_RECURSION = YES;
				CLANG_WARN_INT_CONVERSION = YES;
				CLANG_WARN_NON_LITERAL_NULL_CONVERSION = YES;
				CLANG_WARN_OBJC_IMPLICIT_RETAIN_SELF = YES;
				CLANG_WARN_OBJC_LITERAL_CONVERSION = YES;
				CLANG_WARN_OBJC_ROOT_CLASS = YES_ERROR;
				CLANG_WARN_QUOTED_INCLUDE_IN_FRAMEWORK_HEADER = YES;
				CLANG_WARN_RANGE_LOOP_ANALYSIS = YES;
				CLANG_WARN_STRICT_PROTOTYPES = YES;
				CLANG_WARN_SUSPICIOUS_MOVE = YES;
				CLANG_WARN_UNGUARDED_AVAILABILITY = YES_AGGRESSIVE;
				CLANG_WARN_UNREACHABLE_CODE = YES;
				CLANG_WARN__DUPLICATE_METHOD_MATCH = YES;
				COPY_PHASE_STRIP = NO;
				DEBUG_INFORMATION_FORMAT = "dwarf-with-dsym";
				ENABLE_NS_ASSERTIONS = NO;
				ENABLE_STRICT_OBJC_MSGSEND = YES;
				GCC_C_LANGUAGE_STANDARD = gnu11;
				GCC_NO_COMMON_BLOCKS = YES;
				GCC_WARN_64_TO_32_BIT_CONVERSION = YES;
				GCC_WARN_ABOUT_RETURN_TYPE = YES_ERROR;
				GCC_WARN_UNDECLARED_SELECTOR = YES;
				GCC_WARN_UNINITIALIZED_AUTOS = YES_AGGRESSIVE;
				GCC_WARN_UNUSED_FUNCTION = YES;
				GCC_WARN_UNUSED_VARIABLE = YES;
				IPHONEOS_DEPLOYMENT_TARGET = 18.0;
				MTL_ENABLE_DEBUG_INFO = NO;
				MTL_FAST_MATH = YES;
				PRODUCT_NAME = "$(TARGET_NAME)";
				SDKROOT = iphoneos;
				SWIFT_COMPILATION_MODE = wholemodule;
				SWIFT_OPTIMIZATION_LEVEL = "-O";
				SWIFT_VERSION = 5.0;
			};
			name = Release;
		};
		996BB0ABE87AE05376AD3859 /* Debug */ = {
			isa = XCBuildConfiguration;
			buildSettings = {
				ALWAYS_SEARCH_USER_PATHS = NO;
				CLANG_ANALYZER_NONNULL = YES;
				CLANG_ANALYZER_NUMBER_OBJECT_CONVERSION = YES_AGGRESSIVE;
				CLANG_CXX_LANGUAGE_STANDARD = "gnu++14";
				CLANG_CXX_LIBRARY = "libc++";
				CLANG_ENABLE_MODULES = YES;
				CLANG_ENABLE_OBJC_ARC = YES;
				CLANG_ENABLE_OBJC_WEAK = YES;
				CLANG_WARN_BLOCK_CAPTURE_AUTORELEASING = YES;
				CLANG_WARN_BOOL_CONVERSION = YES;
				CLANG_WARN_COMMA = YES;
				CLANG_WARN_CONSTANT_CONVERSION = YES;
				CLANG_WARN_DEPRECATED_OBJC_IMPLEMENTATIONS = YES;
				CLANG_WARN_DIRECT_OBJC_ISA_USAGE = YES_ERROR;
				CLANG_WARN_DOCUMENTATION_COMMENTS = YES;
				CLANG_WARN_EMPTY_BODY = YES;
				CLANG_WARN_ENUM_CONVERSION = YES;
				CLANG_WARN_INFINITE_RECURSION = YES;
				CLANG_WARN_INT_CONVERSION = YES;
				CLANG_WARN_NON_LITERAL_NULL_CONVERSION = YES;
				CLANG_WARN_OBJC_IMPLICIT_RETAIN_SELF = YES;
				CLANG_WARN_OBJC_LITERAL_CONVERSION = YES;
				CLANG_WARN_OBJC_ROOT_CLASS = YES_ERROR;
				CLANG_WARN_QUOTED_INCLUDE_IN_FRAMEWORK_HEADER = YES;
				CLANG_WARN_RANGE_LOOP_ANALYSIS = YES;
				CLANG_WARN_STRICT_PROTOTYPES = YES;
				CLANG_WARN_SUSPICIOUS_MOVE = YES;
				CLANG_WARN_UNGUARDED_AVAILABILITY = YES_AGGRESSIVE;
				CLANG_WARN_UNREACHABLE_CODE = YES;
				CLANG_WARN__DUPLICATE_METHOD_MATCH = YES;
				COPY_PHASE_STRIP = NO;
				DEBUG_INFORMATION_FORMAT = dwarf;
				ENABLE_STRICT_OBJC_MSGSEND = YES;
				ENABLE_TESTABILITY = YES;
				GCC_C_LANGUAGE_STANDARD = gnu11;
				GCC_DYNAMIC_NO_PIC = NO;
				GCC_NO_COMMON_BLOCKS = YES;
				GCC_OPTIMIZATION_LEVEL = 0;
				GCC_PREPROCESSOR_DEFINITIONS = (
					"$(inherited)",
					"DEBUG=1",
				);
				GCC_WARN_64_TO_32_BIT_CONVERSION = YES;
				GCC_WARN_ABOUT_RETURN_TYPE = YES_ERROR;
				GCC_WARN_UNDECLARED_SELECTOR = YES;
				GCC_WARN_UNINITIALIZED_AUTOS = YES_AGGRESSIVE;
				GCC_WARN_UNUSED_FUNCTION = YES;
				GCC_WARN_UNUSED_VARIABLE = YES;
				IPHONEOS_DEPLOYMENT_TARGET = 18.0;
				MTL_ENABLE_DEBUG_INFO = INCLUDE_SOURCE;
				MTL_FAST_MATH = YES;
				ONLY_ACTIVE_ARCH = YES;
				PRODUCT_NAME = "$(TARGET_NAME)";
				SDKROOT = iphoneos;
				SWIFT_ACTIVE_COMPILATION_CONDITIONS = DEBUG;
				SWIFT_OPTIMIZATION_LEVEL = "-Onone";
				SWIFT_VERSION = 5.0;
			};
			name = Debug;
		};
		B0B5E744E8744983492D6655 /* Debug */ = {
			isa = XCBuildConfiguration;
			buildSettings = {
				ASSETCATALOG_COMPILER_APPICON_NAME = AppIcon;
				CODE_SIGN_IDENTITY = "iPhone Developer";
				CODE_SIGN_STYLE = Automatic;
				DEVELOPMENT_TEAM = 2CLPABDXPV;
				ENABLE_USER_SCRIPT_SANDBOXING = NO;
				INFOPLIST_FILE = Sources/ChemLabLocal/Info.plist;
				LD_RUNPATH_SEARCH_PATHS = (
					"$(inherited)",
					"@executable_path/Frameworks",
				);
				PRODUCT_BUNDLE_IDENTIFIER = com.fakeminjun.ChemLabLocal;
				PRODUCT_NAME = ChemLabLocal;
				SDKROOT = iphoneos;
				SWIFT_VERSION = 6.0;
				TARGETED_DEVICE_FAMILY = "1,2";
			};
			name = Debug;
		};
/* End XCBuildConfiguration section */

/* Begin XCConfigurationList section */
		32243A388819FAE5FA8568C7 /* Build configuration list for PBXNativeTarget "ChemLabLocal" */ = {
			isa = XCConfigurationList;
			buildConfigurations = (
				B0B5E744E8744983492D6655 /* Debug */,
				24A70D9A5547E690F22E6272 /* Release */,
			);
			defaultConfigurationIsVisible = 0;
			defaultConfigurationName = Debug;
		};
		B681CE7BA5784D67FB39B46D /* Build configuration list for PBXProject "ChemLabLocal" */ = {
			isa = XCConfigurationList;
			buildConfigurations = (
				996BB0ABE87AE05376AD3859 /* Debug */,
				3DB1F96EC31969A61EE6250A /* Release */,
			);
			defaultConfigurationIsVisible = 0;
			defaultConfigurationName = Debug;
		};
/* End XCConfigurationList section */

/* Begin XCRemoteSwiftPackageReference section */
		0B3317B81DF850ED3CA0663F /* XCRemoteSwiftPackageReference "ZIPFoundation" */ = {
			isa = XCRemoteSwiftPackageReference;
			repositoryURL = "https://github.com/weichsel/ZIPFoundation.git";
			requirement = {
				kind = upToNextMajorVersion;
				minimumVersion = 0.9.19;
			};
		};
/* End XCRemoteSwiftPackageReference section */

/* Begin XCSwiftPackageProductDependency section */
		55C691E4E0C58A481039A33B /* ZIPFoundation */ = {
			isa = XCSwiftPackageProductDependency;
			package = 0B3317B81DF850ED3CA0663F /* XCRemoteSwiftPackageReference "ZIPFoundation" */;
			productName = ZIPFoundation;
		};
/* End XCSwiftPackageProductDependency section */
	};
	rootObject = C9AD593C6F4BBB8BC03D6A29 /* Project object */;
}
